PODS:
  - PathKit (0.8.0)
  - Stencil (0.10.1):
    - PathKit (~> 0.8.0)
  - StencilSwiftKit (2.4.0):
    - Stencil (~> 0.10)
  - SwiftLint (0.25.0)

DEPENDENCIES:
  - StencilSwiftKit (from `.`)
  - SwiftLint (~> 0.25)

EXTERNAL SOURCES:
  StencilSwiftKit:
    :path: .

SPEC CHECKSUMS:
  PathKit: dcab05d701474011aae0e40cf892298a831f63d6
  Stencil: 40b382c52edab08f1e800e6144c1f04ae47a7a9a
  StencilSwiftKit: 385f50e5263290411a059dadcbbc153b4f242f3c
  SwiftLint: e14651157288e9e01d6e1a71db7014fb5744a8ea

PODFILE CHECKSUM: 04a106459aafed0d043229000123a22c447e0e7e

COCOAPODS: 1.4.0
