// !$*UTF8*$!
{
	archiveVersion = 1;
	classes = {
	};
	objectVersion = 47;
	objects = {

/* Begin PBXBuildFile section */
		82EF0CC0752D216C67279A16 /* Pods_Tests.framework in Frameworks */ = {isa = PBXBuildFile; fileRef = 8BF798509C76E5A9ACE03491 /* Pods_Tests.framework */; };
		CDAAC1B81E3B8D0700439CCD /* Info.plist in Resources */ = {isa = PBXBuildFile; fileRef = CDAAC1A91E3B8D0700439CCD /* Info.plist */; };
		CDAAC1B91E3B8D0700439CCD /* TestsHelper.swift in Sources */ = {isa = PBXBuildFile; fileRef = CDAAC1AA1E3B8D0700439CCD /* TestsHelper.swift */; };
		CDAAC1BA1E3B8D0700439CCD /* CallNodeTests.swift in Sources */ = {isa = PBXBuildFile; fileRef = CDAAC1AC1E3B8D0700439CCD /* CallNodeTests.swift */; };
		CDAAC1BB1E3B8D0700439CCD /* SetNodeTests.swift in Sources */ = {isa = PBXBuildFile; fileRef = CDAAC1AD1E3B8D0700439CCD /* SetNodeTests.swift */; };
		CDAAC1BC1E3B8D0700439CCD /* StringFiltersTests.swift in Sources */ = {isa = PBXBuildFile; fileRef = CDAAC1AE1E3B8D0700439CCD /* StringFiltersTests.swift */; };
		CDAAC1BD1E3B8D0700439CCD /* SwiftIdentifierTests.swift in Sources */ = {isa = PBXBuildFile; fileRef = CDAAC1AF1E3B8D0700439CCD /* SwiftIdentifierTests.swift */; };
		CDAAC1C01E3B8E1B00439CCD /* expected in Resources */ = {isa = PBXBuildFile; fileRef = CDAAC1BE1E3B8E1B00439CCD /* expected */; };
		CDAAC1C11E3B8E1B00439CCD /* fixtures in Resources */ = {isa = PBXBuildFile; fileRef = CDAAC1BF1E3B8E1B00439CCD /* fixtures */; };
/* End PBXBuildFile section */

/* Begin PBXBuildRule section */
		09A87B6A1BCCA50000D9B9F5 /* PBXBuildRule */ = {
			isa = PBXBuildRule;
			compilerSpec = com.apple.compilers.pbxcp;
			filePatterns = "*.storyboard";
			fileType = pattern.proxy;
			isEditable = 1;
			outputFiles = (
			);
			script = "";
		};
		09A87B6B1BCCA52400D9B9F5 /* PBXBuildRule */ = {
			isa = PBXBuildRule;
			compilerSpec = com.apple.compilers.pbxcp;
			filePatterns = "*.xcassets";
			fileType = pattern.proxy;
			isEditable = 1;
			outputFiles = (
			);
			script = "";
		};
		09A87B721BCCA60900D9B9F5 /* PBXBuildRule */ = {
			isa = PBXBuildRule;
			compilerSpec = com.apple.compilers.pbxcp;
			filePatterns = "*.strings";
			fileType = pattern.proxy;
			isEditable = 1;
			outputFiles = (
			);
			script = "";
		};
/* End PBXBuildRule section */

/* Begin PBXFileReference section */
		09A87B501BCCA2C600D9B9F5 /* Tests.xctest */ = {isa = PBXFileReference; explicitFileType = wrapper.cfbundle; includeInIndex = 0; path = Tests.xctest; sourceTree = BUILT_PRODUCTS_DIR; };
		47888DD528DEC4C84FD8F15B /* Pods-Tests.debug.xcconfig */ = {isa = PBXFileReference; includeInIndex = 1; lastKnownFileType = text.xcconfig; name = "Pods-Tests.debug.xcconfig"; path = "Pods/Target Support Files/Pods-Tests/Pods-Tests.debug.xcconfig"; sourceTree = "<group>"; };
		4B3D39DBCD15D8F6BB891D92 /* Pods-Tests.release.xcconfig */ = {isa = PBXFileReference; includeInIndex = 1; lastKnownFileType = text.xcconfig; name = "Pods-Tests.release.xcconfig"; path = "Pods/Target Support Files/Pods-Tests/Pods-Tests.release.xcconfig"; sourceTree = "<group>"; };
		8BF798509C76E5A9ACE03491 /* Pods_Tests.framework */ = {isa = PBXFileReference; explicitFileType = wrapper.framework; includeInIndex = 0; path = Pods_Tests.framework; sourceTree = BUILT_PRODUCTS_DIR; };
		CDAAC1A91E3B8D0700439CCD /* Info.plist */ = {isa = PBXFileReference; fileEncoding = 4; lastKnownFileType = text.plist.xml; path = Info.plist; sourceTree = "<group>"; };
		CDAAC1AA1E3B8D0700439CCD /* TestsHelper.swift */ = {isa = PBXFileReference; fileEncoding = 4; lastKnownFileType = sourcecode.swift; path = TestsHelper.swift; sourceTree = "<group>"; };
		CDAAC1AC1E3B8D0700439CCD /* CallNodeTests.swift */ = {isa = PBXFileReference; fileEncoding = 4; lastKnownFileType = sourcecode.swift; path = CallNodeTests.swift; sourceTree = "<group>"; };
		CDAAC1AD1E3B8D0700439CCD /* SetNodeTests.swift */ = {isa = PBXFileReference; fileEncoding = 4; lastKnownFileType = sourcecode.swift; path = SetNodeTests.swift; sourceTree = "<group>"; };
		CDAAC1AE1E3B8D0700439CCD /* StringFiltersTests.swift */ = {isa = PBXFileReference; fileEncoding = 4; lastKnownFileType = sourcecode.swift; path = StringFiltersTests.swift; sourceTree = "<group>"; };
		CDAAC1AF1E3B8D0700439CCD /* SwiftIdentifierTests.swift */ = {isa = PBXFileReference; fileEncoding = 4; lastKnownFileType = sourcecode.swift; path = SwiftIdentifierTests.swift; sourceTree = "<group>"; };
		CDAAC1BE1E3B8E1B00439CCD /* expected */ = {isa = PBXFileReference; lastKnownFileType = folder; path = expected; sourceTree = "<group>"; };
		CDAAC1BF1E3B8E1B00439CCD /* fixtures */ = {isa = PBXFileReference; lastKnownFileType = folder; path = fixtures; sourceTree = "<group>"; };
/* End PBXFileReference section */

/* Begin PBXFrameworksBuildPhase section */
		09A87B4D1BCCA2C600D9B9F5 /* Frameworks */ = {
			isa = PBXFrameworksBuildPhase;
			buildActionMask = 2147483647;
			files = (
				82EF0CC0752D216C67279A16 /* Pods_Tests.framework in Frameworks */,
			);
			runOnlyForDeploymentPostprocessing = 0;
		};
/* End PBXFrameworksBuildPhase section */

/* Begin PBXGroup section */
		09030B621B6D254200275BF5 = {
			isa = PBXGroup;
			children = (
				CDAAC19D1E3B8D0700439CCD /* XCTests */,
				09030B6C1B6D254200275BF5 /* Products */,
				D1F9C04627199F451C124975 /* Pods */,
				B57827B6D44D535FA2E05E60 /* Frameworks */,
			);
			indentWidth = 2;
			sourceTree = "<group>";
			tabWidth = 2;
			usesTabs = 0;
		};
		09030B6C1B6D254200275BF5 /* Products */ = {
			isa = PBXGroup;
			children = (
				09A87B501BCCA2C600D9B9F5 /* Tests.xctest */,
			);
			name = Products;
			sourceTree = "<group>";
		};
		B57827B6D44D535FA2E05E60 /* Frameworks */ = {
			isa = PBXGroup;
			children = (
				8BF798509C76E5A9ACE03491 /* Pods_Tests.framework */,
			);
			name = Frameworks;
			sourceTree = "<group>";
		};
		CDAAC19D1E3B8D0700439CCD /* XCTests */ = {
			isa = PBXGroup;
			children = (
				CDAAC19E1E3B8D0700439CCD /* Resources */,
				CDAAC1AA1E3B8D0700439CCD /* TestsHelper.swift */,
				CDAAC1AB1E3B8D0700439CCD /* TestSuites */,
			);
			path = XCTests;
			sourceTree = "<group>";
		};
		CDAAC19E1E3B8D0700439CCD /* Resources */ = {
			isa = PBXGroup;
			children = (
				CDAAC1BE1E3B8E1B00439CCD /* expected */,
				CDAAC1BF1E3B8E1B00439CCD /* fixtures */,
				CDAAC1A91E3B8D0700439CCD /* Info.plist */,
			);
			path = Resources;
			sourceTree = "<group>";
		};
		CDAAC1AB1E3B8D0700439CCD /* TestSuites */ = {
			isa = PBXGroup;
			children = (
				CDAAC1AC1E3B8D0700439CCD /* CallNodeTests.swift */,
				CDAAC1AD1E3B8D0700439CCD /* SetNodeTests.swift */,
				CDAAC1AE1E3B8D0700439CCD /* StringFiltersTests.swift */,
				CDAAC1AF1E3B8D0700439CCD /* SwiftIdentifierTests.swift */,
			);
			path = TestSuites;
			sourceTree = "<group>";
		};
		D1F9C04627199F451C124975 /* Pods */ = {
			isa = PBXGroup;
			children = (
				47888DD528DEC4C84FD8F15B /* Pods-Tests.debug.xcconfig */,
				4B3D39DBCD15D8F6BB891D92 /* Pods-Tests.release.xcconfig */,
			);
			name = Pods;
			sourceTree = "<group>";
		};
/* End PBXGroup section */

/* Begin PBXNativeTarget section */
		09A87B4F1BCCA2C600D9B9F5 /* Tests */ = {
			isa = PBXNativeTarget;
			buildConfigurationList = 09A87B551BCCA2C600D9B9F5 /* Build configuration list for PBXNativeTarget "Tests" */;
			buildPhases = (
				C3989F9D7584D08720E81BDA /* [CP] Check Pods Manifest.lock */,
				09A87B4C1BCCA2C600D9B9F5 /* Sources */,
				09A87B4D1BCCA2C600D9B9F5 /* Frameworks */,
				09A87B4E1BCCA2C600D9B9F5 /* Resources */,
				DE127EA8748200EF28090721 /* [CP] Embed Pods Frameworks */,
				E927380300BBDAC26313194A /* [CP] Copy Pods Resources */,
			);
			buildRules = (
				09A87B721BCCA60900D9B9F5 /* PBXBuildRule */,
				09A87B6B1BCCA52400D9B9F5 /* PBXBuildRule */,
				09A87B6A1BCCA50000D9B9F5 /* PBXBuildRule */,
			);
			dependencies = (
			);
			name = Tests;
			productName = SwiftGenKitTests;
			productReference = 09A87B501BCCA2C600D9B9F5 /* Tests.xctest */;
			productType = "com.apple.product-type.bundle.unit-test";
		};
/* End PBXNativeTarget section */

/* Begin PBXProject section */
		09030B631B6D254200275BF5 /* Project object */ = {
			isa = PBXProject;
			attributes = {
				LastSwiftUpdateCheck = 0800;
				LastUpgradeCheck = 0800;
				ORGANIZATIONNAME = AliSoftware;
				TargetAttributes = {
					09A87B4F1BCCA2C600D9B9F5 = {
						CreatedOnToolsVersion = 7.0.1;
						LastSwiftMigration = 0800;
					};
				};
			};
			buildConfigurationList = 09030B661B6D254200275BF5 /* Build configuration list for PBXProject "StencilSwiftKit" */;
			compatibilityVersion = "Xcode 6.3";
			developmentRegion = English;
			hasScannedForEncodings = 0;
			knownRegions = (
				en,
				Base,
			);
			mainGroup = 09030B621B6D254200275BF5;
			productRefGroup = 09030B6C1B6D254200275BF5 /* Products */;
			projectDirPath = "";
			projectRoot = "";
			targets = (
				09A87B4F1BCCA2C600D9B9F5 /* Tests */,
			);
		};
/* End PBXProject section */

/* Begin PBXResourcesBuildPhase section */
		09A87B4E1BCCA2C600D9B9F5 /* Resources */ = {
			isa = PBXResourcesBuildPhase;
			buildActionMask = 2147483647;
			files = (
				CDAAC1C01E3B8E1B00439CCD /* expected in Resources */,
				CDAAC1B81E3B8D0700439CCD /* Info.plist in Resources */,
				CDAAC1C11E3B8E1B00439CCD /* fixtures in Resources */,
			);
			runOnlyForDeploymentPostprocessing = 0;
		};
/* End PBXResourcesBuildPhase section */

/* Begin PBXShellScriptBuildPhase section */
		C3989F9D7584D08720E81BDA /* [CP] Check Pods Manifest.lock */ = {
			isa = PBXShellScriptBuildPhase;
			buildActionMask = 2147483647;
			files = (
			);
			inputPaths = (
			);
			name = "[CP] Check Pods Manifest.lock";
			outputPaths = (
			);
			runOnlyForDeploymentPostprocessing = 0;
			shellPath = /bin/sh;
			shellScript = "diff \"${PODS_ROOT}/../Podfile.lock\" \"${PODS_ROOT}/Manifest.lock\" > /dev/null\nif [ $? != 0 ] ; then\n    # print error to STDERR\n    echo \"error: The sandbox is not in sync with the Podfile.lock. Run 'pod install' or update your CocoaPods installation.\" >&2\n    exit 1\nfi\n";
			showEnvVarsInLog = 0;
		};
		DE127EA8748200EF28090721 /* [CP] Embed Pods Frameworks */ = {
			isa = PBXShellScriptBuildPhase;
			buildActionMask = 2147483647;
			files = (
			);
			inputPaths = (
			);
			name = "[CP] Embed Pods Frameworks";
			outputPaths = (
			);
			runOnlyForDeploymentPostprocessing = 0;
			shellPath = /bin/sh;
			shellScript = "\"${SRCROOT}/Pods/Target Support Files/Pods-Tests/Pods-Tests-frameworks.sh\"\n";
			showEnvVarsInLog = 0;
		};
		E927380300BBDAC26313194A /* [CP] Copy Pods Resources */ = {
			isa = PBXShellScriptBuildPhase;
			buildActionMask = 2147483647;
			files = (
			);
			inputPaths = (
			);
			name = "[CP] Copy Pods Resources";
			outputPaths = (
			);
			runOnlyForDeploymentPostprocessing = 0;
			shellPath = /bin/sh;
			shellScript = "\"${SRCROOT}/Pods/Target Support Files/Pods-Tests/Pods-Tests-resources.sh\"\n";
			showEnvVarsInLog = 0;
		};
/* End PBXShellScriptBuildPhase section */

/* Begin PBXSourcesBuildPhase section */
		09A87B4C1BCCA2C600D9B9F5 /* Sources */ = {
			isa = PBXSourcesBuildPhase;
			buildActionMask = 2147483647;
			files = (
				CDAAC1BB1E3B8D0700439CCD /* SetNodeTests.swift in Sources */,
				CDAAC1BD1E3B8D0700439CCD /* SwiftIdentifierTests.swift in Sources */,
				CDAAC1B91E3B8D0700439CCD /* TestsHelper.swift in Sources */,
				CDAAC1BC1E3B8D0700439CCD /* StringFiltersTests.swift in Sources */,
				CDAAC1BA1E3B8D0700439CCD /* CallNodeTests.swift in Sources */,
			);
			runOnlyForDeploymentPostprocessing = 0;
		};
/* End PBXSourcesBuildPhase section */

/* Begin XCBuildConfiguration section */
		09030B701B6D254200275BF5 /* Debug */ = {
			isa = XCBuildConfiguration;
			buildSettings = {
				ALWAYS_SEARCH_USER_PATHS = NO;
				CLANG_CXX_LANGUAGE_STANDARD = "gnu++0x";
				CLANG_CXX_LIBRARY = "libc++";
				CLANG_ENABLE_MODULES = YES;
				CLANG_ENABLE_OBJC_ARC = YES;
				CLANG_WARN_BOOL_CONVERSION = YES;
				CLANG_WARN_CONSTANT_CONVERSION = YES;
				CLANG_WARN_DIRECT_OBJC_ISA_USAGE = YES_ERROR;
				CLANG_WARN_EMPTY_BODY = YES;
				CLANG_WARN_ENUM_CONVERSION = YES;
				CLANG_WARN_INFINITE_RECURSION = YES;
				CLANG_WARN_INT_CONVERSION = YES;
				CLANG_WARN_OBJC_ROOT_CLASS = YES_ERROR;
				CLANG_WARN_SUSPICIOUS_MOVE = YES;
				CLANG_WARN_UNREACHABLE_CODE = YES;
				CLANG_WARN__DUPLICATE_METHOD_MATCH = YES;
				COPY_PHASE_STRIP = NO;
				DEBUG_INFORMATION_FORMAT = dwarf;
				ENABLE_STRICT_OBJC_MSGSEND = YES;
				ENABLE_TESTABILITY = YES;
				GCC_C_LANGUAGE_STANDARD = gnu99;
				GCC_DYNAMIC_NO_PIC = NO;
				GCC_NO_COMMON_BLOCKS = YES;
				GCC_OPTIMIZATION_LEVEL = 0;
				GCC_PREPROCESSOR_DEFINITIONS = (
					"DEBUG=1",
					"$(inherited)",
				);
				GCC_WARN_64_TO_32_BIT_CONVERSION = YES;
				GCC_WARN_ABOUT_RETURN_TYPE = YES_ERROR;
				GCC_WARN_UNDECLARED_SELECTOR = YES;
				GCC_WARN_UNINITIALIZED_AUTOS = YES_AGGRESSIVE;
				GCC_WARN_UNUSED_FUNCTION = YES;
				GCC_WARN_UNUSED_VARIABLE = YES;
				MACOSX_DEPLOYMENT_TARGET = 10.10;
				MTL_ENABLE_DEBUG_INFO = YES;
				ONLY_ACTIVE_ARCH = YES;
				SDKROOT = macosx;
				SWIFT_OPTIMIZATION_LEVEL = "-Onone";
				SWIFT_VERSION = 2.3;
			};
			name = Debug;
		};
		09030B711B6D254200275BF5 /* Release */ = {
			isa = XCBuildConfiguration;
			buildSettings = {
				ALWAYS_SEARCH_USER_PATHS = NO;
				CLANG_CXX_LANGUAGE_STANDARD = "gnu++0x";
				CLANG_CXX_LIBRARY = "libc++";
				CLANG_ENABLE_MODULES = YES;
				CLANG_ENABLE_OBJC_ARC = YES;
				CLANG_WARN_BOOL_CONVERSION = YES;
				CLANG_WARN_CONSTANT_CONVERSION = YES;
				CLANG_WARN_DIRECT_OBJC_ISA_USAGE = YES_ERROR;
				CLANG_WARN_EMPTY_BODY = YES;
				CLANG_WARN_ENUM_CONVERSION = YES;
				CLANG_WARN_INFINITE_RECURSION = YES;
				CLANG_WARN_INT_CONVERSION = YES;
				CLANG_WARN_OBJC_ROOT_CLASS = YES_ERROR;
				CLANG_WARN_SUSPICIOUS_MOVE = YES;
				CLANG_WARN_UNREACHABLE_CODE = YES;
				CLANG_WARN__DUPLICATE_METHOD_MATCH = YES;
				COPY_PHASE_STRIP = NO;
				DEBUG_INFORMATION_FORMAT = "dwarf-with-dsym";
				ENABLE_NS_ASSERTIONS = NO;
				ENABLE_STRICT_OBJC_MSGSEND = YES;
				GCC_C_LANGUAGE_STANDARD = gnu99;
				GCC_NO_COMMON_BLOCKS = YES;
				GCC_WARN_64_TO_32_BIT_CONVERSION = YES;
				GCC_WARN_ABOUT_RETURN_TYPE = YES_ERROR;
				GCC_WARN_UNDECLARED_SELECTOR = YES;
				GCC_WARN_UNINITIALIZED_AUTOS = YES_AGGRESSIVE;
				GCC_WARN_UNUSED_FUNCTION = YES;
				GCC_WARN_UNUSED_VARIABLE = YES;
				MACOSX_DEPLOYMENT_TARGET = 10.10;
				MTL_ENABLE_DEBUG_INFO = NO;
				SDKROOT = macosx;
				SWIFT_OPTIMIZATION_LEVEL = "-Owholemodule";
				SWIFT_VERSION = 2.3;
			};
			name = Release;
		};
		09A87B561BCCA2C600D9B9F5 /* Debug */ = {
			isa = XCBuildConfiguration;
			baseConfigurationReference = 47888DD528DEC4C84FD8F15B /* Pods-Tests.debug.xcconfig */;
			buildSettings = {
				COMBINE_HIDPI_IMAGES = YES;
				INFOPLIST_FILE = XCTests/Resources/Info.plist;
				LD_RUNPATH_SEARCH_PATHS = "$(inherited) @executable_path/../Frameworks @loader_path/../Frameworks";
				MACOSX_DEPLOYMENT_TARGET = 10.11;
				PRODUCT_BUNDLE_IDENTIFIER = com.alisoftware.SwiftGenKitTests;
				PRODUCT_NAME = "$(TARGET_NAME)";
				SWIFT_VERSION = 3.0;
			};
			name = Debug;
		};
		09A87B571BCCA2C600D9B9F5 /* Release */ = {
			isa = XCBuildConfiguration;
			baseConfigurationReference = 4B3D39DBCD15D8F6BB891D92 /* Pods-Tests.release.xcconfig */;
			buildSettings = {
				COMBINE_HIDPI_IMAGES = YES;
				INFOPLIST_FILE = XCTests/Resources/Info.plist;
				LD_RUNPATH_SEARCH_PATHS = "$(inherited) @executable_path/../Frameworks @loader_path/../Frameworks";
				MACOSX_DEPLOYMENT_TARGET = 10.11;
				PRODUCT_BUNDLE_IDENTIFIER = com.alisoftware.SwiftGenKitTests;
				PRODUCT_NAME = "$(TARGET_NAME)";
				SWIFT_VERSION = 3.0;
			};
			name = Release;
		};
/* End XCBuildConfiguration section */

/* Begin XCConfigurationList section */
		09030B661B6D254200275BF5 /* Build configuration list for PBXProject "StencilSwiftKit" */ = {
			isa = XCConfigurationList;
			buildConfigurations = (
				09030B701B6D254200275BF5 /* Debug */,
				09030B711B6D254200275BF5 /* Release */,
			);
			defaultConfigurationIsVisible = 0;
			defaultConfigurationName = Release;
		};
		09A87B551BCCA2C600D9B9F5 /* Build configuration list for PBXNativeTarget "Tests" */ = {
			isa = XCConfigurationList;
			buildConfigurations = (
				09A87B561BCCA2C600D9B9F5 /* Debug */,
				09A87B571BCCA2C600D9B9F5 /* Release */,
			);
			defaultConfigurationIsVisible = 0;
			defaultConfigurationName = Release;
		};
/* End XCConfigurationList section */
	};
	rootObject = 09030B631B6D254200275BF5 /* Project object */;
}
