// !$*UTF8*$!
{
	archiveVersion = 1;
	classes = {
	};
	objectVersion = 47;
	objects = {

/* Begin PBXBuildFile section */
		6AEE121521E4F0B900DB3D5B /* ImportNodeTests.swift in Sources */ = {isa = PBXBuildFile; fileRef = 6AEE121421E4F0B900DB3D5B /* ImportNodeTests.swift */; };
		6D84EE651F520EB8009373F8 /* ParseStringTests.swift in Sources */ = {isa = PBXBuildFile; fileRef = 6D84EE641F520EB8009373F8 /* ParseStringTests.swift */; };
		82EF0CC0752D216C67279A16 /* Pods_Tests.framework in Frameworks */ = {isa = PBXBuildFile; fileRef = 8BF798509C76E5A9ACE03491 /* Pods_Tests.framework */; };
		B5A3F2ED5DA57C06EF62BB82 /* ParseBoolTests.swift in Sources */ = {isa = PBXBuildFile; fileRef = B5A3FFC01B2145C4BFD8316A /* ParseBoolTests.swift */; };
		DD0B6D5F1EDF7C2100C8862C /* ParseEnumTests.swift in Sources */ = {isa = PBXBuildFile; fileRef = DD0B6D5E1EDF7C2100C8862C /* ParseEnumTests.swift */; };
		DD4393FF1E2D3EEB0047A332 /* MapNodeTests.swift in Sources */ = {isa = PBXBuildFile; fileRef = DD4393FE1E2D3EEB0047A332 /* MapNodeTests.swift */; };
		DD5F342E1E21A3A200AEB5DA /* CallNodeTests.swift in Sources */ = {isa = PBXBuildFile; fileRef = DD5F342A1E21A3A200AEB5DA /* CallNodeTests.swift */; };
		DD5F342F1E21A3A200AEB5DA /* SetNodeTests.swift in Sources */ = {isa = PBXBuildFile; fileRef = DD5F342B1E21A3A200AEB5DA /* SetNodeTests.swift */; };
		DD5F34301E21A3A200AEB5DA /* StringFiltersTests.swift in Sources */ = {isa = PBXBuildFile; fileRef = DD5F342C1E21A3A200AEB5DA /* StringFiltersTests.swift */; };
		DD5F34311E21A3A200AEB5DA /* SwiftIdentifierTests.swift in Sources */ = {isa = PBXBuildFile; fileRef = DD5F342D1E21A3A200AEB5DA /* SwiftIdentifierTests.swift */; };
		DDE1E2F61E3E33E30043367C /* MacroNodeTests.swift in Sources */ = {isa = PBXBuildFile; fileRef = DDE1E2F51E3E33E30043367C /* MacroNodeTests.swift */; };
		DDE1E2F91E3FABE70043367C /* ParametersTests.swift in Sources */ = {isa = PBXBuildFile; fileRef = DDE1E2F81E3FABE70043367C /* ParametersTests.swift */; };
		DDFD1F691E5358C70023AE2B /* ContextTests.swift in Sources */ = {isa = PBXBuildFile; fileRef = DDFD1F681E5358C70023AE2B /* ContextTests.swift */; };
/* End PBXBuildFile section */

/* Begin PBXBuildRule section */
		09A87B6A1BCCA50000D9B9F5 /* PBXBuildRule */ = {
			isa = PBXBuildRule;
			compilerSpec = com.apple.compilers.pbxcp;
			filePatterns = "*.storyboard";
			fileType = pattern.proxy;
			isEditable = 1;
			outputFiles = (
			);
			script = "";
		};
		09A87B6B1BCCA52400D9B9F5 /* PBXBuildRule */ = {
			isa = PBXBuildRule;
			compilerSpec = com.apple.compilers.pbxcp;
			filePatterns = "*.xcassets";
			fileType = pattern.proxy;
			isEditable = 1;
			outputFiles = (
			);
			script = "";
		};
		09A87B721BCCA60900D9B9F5 /* PBXBuildRule */ = {
			isa = PBXBuildRule;
			compilerSpec = com.apple.compilers.pbxcp;
			filePatterns = "*.strings";
			fileType = pattern.proxy;
			isEditable = 1;
			outputFiles = (
			);
			script = "";
		};
/* End PBXBuildRule section */

/* Begin PBXFileReference section */
		09A87B501BCCA2C600D9B9F5 /* Tests.xctest */ = {isa = PBXFileReference; explicitFileType = wrapper.cfbundle; includeInIndex = 0; path = Tests.xctest; sourceTree = BUILT_PRODUCTS_DIR; };
		47888DD528DEC4C84FD8F15B /* Pods-Tests.debug.xcconfig */ = {isa = PBXFileReference; includeInIndex = 1; lastKnownFileType = text.xcconfig; name = "Pods-Tests.debug.xcconfig"; path = "Pods/Target Support Files/Pods-Tests/Pods-Tests.debug.xcconfig"; sourceTree = "<group>"; };
		4B3D39DBCD15D8F6BB891D92 /* Pods-Tests.release.xcconfig */ = {isa = PBXFileReference; includeInIndex = 1; lastKnownFileType = text.xcconfig; name = "Pods-Tests.release.xcconfig"; path = "Pods/Target Support Files/Pods-Tests/Pods-Tests.release.xcconfig"; sourceTree = "<group>"; };
		6AEE121421E4F0B900DB3D5B /* ImportNodeTests.swift */ = {isa = PBXFileReference; fileEncoding = 4; lastKnownFileType = sourcecode.swift; path = ImportNodeTests.swift; sourceTree = "<group>"; };
		6D84EE641F520EB8009373F8 /* ParseStringTests.swift */ = {isa = PBXFileReference; fileEncoding = 4; lastKnownFileType = sourcecode.swift; path = ParseStringTests.swift; sourceTree = "<group>"; };
		8BF798509C76E5A9ACE03491 /* Pods_Tests.framework */ = {isa = PBXFileReference; explicitFileType = wrapper.framework; includeInIndex = 0; path = Pods_Tests.framework; sourceTree = BUILT_PRODUCTS_DIR; };
		B5A3FFC01B2145C4BFD8316A /* ParseBoolTests.swift */ = {isa = PBXFileReference; fileEncoding = 4; lastKnownFileType = sourcecode.swift; path = ParseBoolTests.swift; sourceTree = "<group>"; };
		DD0B6D5E1EDF7C2100C8862C /* ParseEnumTests.swift */ = {isa = PBXFileReference; fileEncoding = 4; lastKnownFileType = sourcecode.swift; path = ParseEnumTests.swift; sourceTree = "<group>"; };
		DD4393FE1E2D3EEB0047A332 /* MapNodeTests.swift */ = {isa = PBXFileReference; fileEncoding = 4; lastKnownFileType = sourcecode.swift; path = MapNodeTests.swift; sourceTree = "<group>"; };
		DD5F34201E2199ED00AEB5DA /* Info.plist */ = {isa = PBXFileReference; fileEncoding = 4; lastKnownFileType = text.plist.xml; path = Info.plist; sourceTree = "<group>"; };
		DD5F342A1E21A3A200AEB5DA /* CallNodeTests.swift */ = {isa = PBXFileReference; fileEncoding = 4; lastKnownFileType = sourcecode.swift; path = CallNodeTests.swift; sourceTree = "<group>"; };
		DD5F342B1E21A3A200AEB5DA /* SetNodeTests.swift */ = {isa = PBXFileReference; fileEncoding = 4; lastKnownFileType = sourcecode.swift; path = SetNodeTests.swift; sourceTree = "<group>"; };
		DD5F342C1E21A3A200AEB5DA /* StringFiltersTests.swift */ = {isa = PBXFileReference; fileEncoding = 4; lastKnownFileType = sourcecode.swift; path = StringFiltersTests.swift; sourceTree = "<group>"; };
		DD5F342D1E21A3A200AEB5DA /* SwiftIdentifierTests.swift */ = {isa = PBXFileReference; fileEncoding = 4; lastKnownFileType = sourcecode.swift; path = SwiftIdentifierTests.swift; sourceTree = "<group>"; };
		DDE1E2F51E3E33E30043367C /* MacroNodeTests.swift */ = {isa = PBXFileReference; fileEncoding = 4; lastKnownFileType = sourcecode.swift; path = MacroNodeTests.swift; sourceTree = "<group>"; };
		DDE1E2F81E3FABE70043367C /* ParametersTests.swift */ = {isa = PBXFileReference; fileEncoding = 4; lastKnownFileType = sourcecode.swift; path = ParametersTests.swift; sourceTree = "<group>"; };
		DDFD1F681E5358C70023AE2B /* ContextTests.swift */ = {isa = PBXFileReference; fileEncoding = 4; lastKnownFileType = sourcecode.swift; path = ContextTests.swift; sourceTree = "<group>"; };
/* End PBXFileReference section */

/* Begin PBXFrameworksBuildPhase section */
		09A87B4D1BCCA2C600D9B9F5 /* Frameworks */ = {
			isa = PBXFrameworksBuildPhase;
			buildActionMask = 2147483647;
			files = (
				82EF0CC0752D216C67279A16 /* Pods_Tests.framework in Frameworks */,
			);
			runOnlyForDeploymentPostprocessing = 0;
		};
/* End PBXFrameworksBuildPhase section */

/* Begin PBXGroup section */
		09030B621B6D254200275BF5 = {
			isa = PBXGroup;
			children = (
				DD5F34111E21657700AEB5DA /* Tests */,
				09030B6C1B6D254200275BF5 /* Products */,
				D1F9C04627199F451C124975 /* Pods */,
				B57827B6D44D535FA2E05E60 /* Frameworks */,
			);
			indentWidth = 2;
			sourceTree = "<group>";
			tabWidth = 2;
			usesTabs = 0;
		};
		09030B6C1B6D254200275BF5 /* Products */ = {
			isa = PBXGroup;
			children = (
				09A87B501BCCA2C600D9B9F5 /* Tests.xctest */,
			);
			name = Products;
			sourceTree = "<group>";
		};
		B57827B6D44D535FA2E05E60 /* Frameworks */ = {
			isa = PBXGroup;
			children = (
				8BF798509C76E5A9ACE03491 /* Pods_Tests.framework */,
			);
			name = Frameworks;
			sourceTree = "<group>";
		};
		D1F9C04627199F451C124975 /* Pods */ = {
			isa = PBXGroup;
			children = (
				47888DD528DEC4C84FD8F15B /* Pods-Tests.debug.xcconfig */,
				4B3D39DBCD15D8F6BB891D92 /* Pods-Tests.release.xcconfig */,
			);
			name = Pods;
			sourceTree = "<group>";
		};
		DD5F34111E21657700AEB5DA /* Tests */ = {
			isa = PBXGroup;
			children = (
				DD5F34291E21A3A200AEB5DA /* StencilSwiftKitTests */,
			);
			path = Tests;
			sourceTree = "<group>";
		};
		DD5F341C1E2199ED00AEB5DA /* Resources */ = {
			isa = PBXGroup;
			children = (
				DD5F34201E2199ED00AEB5DA /* Info.plist */,
			);
			path = Resources;
			sourceTree = "<group>";
		};
		DD5F34291E21A3A200AEB5DA /* StencilSwiftKitTests */ = {
			isa = PBXGroup;
			children = (
				DD5F342A1E21A3A200AEB5DA /* CallNodeTests.swift */,
				DDFD1F681E5358C70023AE2B /* ContextTests.swift */,
				6AEE121421E4F0B900DB3D5B /* ImportNodeTests.swift */,
				DDE1E2F51E3E33E30043367C /* MacroNodeTests.swift */,
				DD4393FE1E2D3EEB0047A332 /* MapNodeTests.swift */,
				DDE1E2F81E3FABE70043367C /* ParametersTests.swift */,
				B5A3FFC01B2145C4BFD8316A /* ParseBoolTests.swift */,
				DD0B6D5E1EDF7C2100C8862C /* ParseEnumTests.swift */,
				6D84EE641F520EB8009373F8 /* ParseStringTests.swift */,
				DD5F342B1E21A3A200AEB5DA /* SetNodeTests.swift */,
				DD5F342C1E21A3A200AEB5DA /* StringFiltersTests.swift */,
				DD5F342D1E21A3A200AEB5DA /* SwiftIdentifierTests.swift */,
				DD5F341C1E2199ED00AEB5DA /* Resources */,
			);
			path = StencilSwiftKitTests;
			sourceTree = "<group>";
		};
/* End PBXGroup section */

/* Begin PBXNativeTarget section */
		09A87B4F1BCCA2C600D9B9F5 /* Tests */ = {
			isa = PBXNativeTarget;
			buildConfigurationList = 09A87B551BCCA2C600D9B9F5 /* Build configuration list for PBXNativeTarget "Tests" */;
			buildPhases = (
				C3989F9D7584D08720E81BDA /* [CP] Check Pods Manifest.lock */,
				DD3EE1B91E65D8BC00EA1599 /* ⚠️ SwiftLint */,
				09A87B4C1BCCA2C600D9B9F5 /* Sources */,
				09A87B4D1BCCA2C600D9B9F5 /* Frameworks */,
				09A87B4E1BCCA2C600D9B9F5 /* Resources */,
				DE127EA8748200EF28090721 /* [CP] Embed Pods Frameworks */,
			);
			buildRules = (
				09A87B721BCCA60900D9B9F5 /* PBXBuildRule */,
				09A87B6B1BCCA52400D9B9F5 /* PBXBuildRule */,
				09A87B6A1BCCA50000D9B9F5 /* PBXBuildRule */,
			);
			dependencies = (
			);
			name = Tests;
			productName = SwiftGenKitTests;
			productReference = 09A87B501BCCA2C600D9B9F5 /* Tests.xctest */;
			productType = "com.apple.product-type.bundle.unit-test";
		};
/* End PBXNativeTarget section */

/* Begin PBXProject section */
		09030B631B6D254200275BF5 /* Project object */ = {
			isa = PBXProject;
			attributes = {
				LastSwiftUpdateCheck = 0800;
				LastUpgradeCheck = 0930;
				ORGANIZATIONNAME = AliSoftware;
				TargetAttributes = {
					09A87B4F1BCCA2C600D9B9F5 = {
						CreatedOnToolsVersion = 7.0.1;
						LastSwiftMigration = 1000;
					};
				};
			};
			buildConfigurationList = 09030B661B6D254200275BF5 /* Build configuration list for PBXProject "StencilSwiftKit" */;
			compatibilityVersion = "Xcode 6.3";
			developmentRegion = English;
			hasScannedForEncodings = 0;
			knownRegions = (
				en,
				Base,
			);
			mainGroup = 09030B621B6D254200275BF5;
			productRefGroup = 09030B6C1B6D254200275BF5 /* Products */;
			projectDirPath = "";
			projectRoot = "";
			targets = (
				09A87B4F1BCCA2C600D9B9F5 /* Tests */,
			);
		};
/* End PBXProject section */

/* Begin PBXResourcesBuildPhase section */
		09A87B4E1BCCA2C600D9B9F5 /* Resources */ = {
			isa = PBXResourcesBuildPhase;
			buildActionMask = 2147483647;
			files = (
			);
			runOnlyForDeploymentPostprocessing = 0;
		};
/* End PBXResourcesBuildPhase section */

/* Begin PBXShellScriptBuildPhase section */
		C3989F9D7584D08720E81BDA /* [CP] Check Pods Manifest.lock */ = {
			isa = PBXShellScriptBuildPhase;
			buildActionMask = 2147483647;
			files = (
			);
			inputPaths = (
				"${PODS_PODFILE_DIR_PATH}/Podfile.lock",
				"${PODS_ROOT}/Manifest.lock",
			);
			name = "[CP] Check Pods Manifest.lock";
			outputPaths = (
				"$(DERIVED_FILE_DIR)/Pods-Tests-checkManifestLockResult.txt",
			);
			runOnlyForDeploymentPostprocessing = 0;
			shellPath = /bin/sh;
			shellScript = "diff \"${PODS_PODFILE_DIR_PATH}/Podfile.lock\" \"${PODS_ROOT}/Manifest.lock\" > /dev/null\nif [ $? != 0 ] ; then\n    # print error to STDERR\n    echo \"error: The sandbox is not in sync with the Podfile.lock. Run 'pod install' or update your CocoaPods installation.\" >&2\n    exit 1\nfi\n# This output is used by Xcode 'outputs' to avoid re-running this script phase.\necho \"SUCCESS\" > \"${SCRIPT_OUTPUT_FILE_0}\"\n";
			showEnvVarsInLog = 0;
		};
		DD3EE1B91E65D8BC00EA1599 /* ⚠️ SwiftLint */ = {
			isa = PBXShellScriptBuildPhase;
			buildActionMask = 2147483647;
			files = (
			);
			inputPaths = (
			);
			name = "⚠️ SwiftLint";
			outputPaths = (
			);
			runOnlyForDeploymentPostprocessing = 0;
			shellPath = /bin/sh;
			shellScript = "if [[ ! $CI ]]; then\n  \"$SRCROOT/Scripts/SwiftLint.sh\" \"sources\"\n  \"$SRCROOT/Scripts/SwiftLint.sh\" \"tests\"\nfi";
		};
		DE127EA8748200EF28090721 /* [CP] Embed Pods Frameworks */ = {
			isa = PBXShellScriptBuildPhase;
			buildActionMask = 2147483647;
			files = (
			);
			inputPaths = (
				"${PODS_ROOT}/Target Support Files/Pods-Tests/Pods-Tests-frameworks.sh",
				"${BUILT_PRODUCTS_DIR}/PathKit/PathKit.framework",
				"${BUILT_PRODUCTS_DIR}/Stencil/Stencil.framework",
				"${BUILT_PRODUCTS_DIR}/StencilSwiftKit/StencilSwiftKit.framework",
			);
			name = "[CP] Embed Pods Frameworks";
			outputPaths = (
				"${TARGET_BUILD_DIR}/${FRAMEWORKS_FOLDER_PATH}/PathKit.framework",
				"${TARGET_BUILD_DIR}/${FRAMEWORKS_FOLDER_PATH}/Stencil.framework",
				"${TARGET_BUILD_DIR}/${FRAMEWORKS_FOLDER_PATH}/StencilSwiftKit.framework",
			);
			runOnlyForDeploymentPostprocessing = 0;
			shellPath = /bin/sh;
			shellScript = "\"${PODS_ROOT}/Target Support Files/Pods-Tests/Pods-Tests-frameworks.sh\"\n";
			showEnvVarsInLog = 0;
		};
/* End PBXShellScriptBuildPhase section */

/* Begin PBXSourcesBuildPhase section */
		09A87B4C1BCCA2C600D9B9F5 /* Sources */ = {
			isa = PBXSourcesBuildPhase;
			buildActionMask = 2147483647;
			files = (
				DD5F342F1E21A3A200AEB5DA /* SetNodeTests.swift in Sources */,
				DD5F34311E21A3A200AEB5DA /* SwiftIdentifierTests.swift in Sources */,
				6D84EE651F520EB8009373F8 /* ParseStringTests.swift in Sources */,
				DD0B6D5F1EDF7C2100C8862C /* ParseEnumTests.swift in Sources */,
				6AEE121521E4F0B900DB3D5B /* ImportNodeTests.swift in Sources */,
				DDE1E2F61E3E33E30043367C /* MacroNodeTests.swift in Sources */,
				DD4393FF1E2D3EEB0047A332 /* MapNodeTests.swift in Sources */,
				DD5F34301E21A3A200AEB5DA /* StringFiltersTests.swift in Sources */,
				DDFD1F691E5358C70023AE2B /* ContextTests.swift in Sources */,
				DD5F342E1E21A3A200AEB5DA /* CallNodeTests.swift in Sources */,
				DDE1E2F91E3FABE70043367C /* ParametersTests.swift in Sources */,
				B5A3F2ED5DA57C06EF62BB82 /* ParseBoolTests.swift in Sources */,
			);
			runOnlyForDeploymentPostprocessing = 0;
		};
/* End PBXSourcesBuildPhase section */

/* Begin XCBuildConfiguration section */
		09030B701B6D254200275BF5 /* Debug */ = {
			isa = XCBuildConfiguration;
			buildSettings = {
				ALWAYS_SEARCH_USER_PATHS = NO;
				CLANG_CXX_LANGUAGE_STANDARD = "gnu++0x";
				CLANG_CXX_LIBRARY = "libc++";
				CLANG_ENABLE_MODULES = YES;
				CLANG_ENABLE_OBJC_ARC = YES;
				CLANG_WARN_BLOCK_CAPTURE_AUTORELEASING = YES;
				CLANG_WARN_BOOL_CONVERSION = YES;
				CLANG_WARN_COMMA = YES;
				CLANG_WARN_CONSTANT_CONVERSION = YES;
				CLANG_WARN_DEPRECATED_OBJC_IMPLEMENTATIONS = YES;
				CLANG_WARN_DIRECT_OBJC_ISA_USAGE = YES_ERROR;
				CLANG_WARN_EMPTY_BODY = YES;
				CLANG_WARN_ENUM_CONVERSION = YES;
				CLANG_WARN_INFINITE_RECURSION = YES;
				CLANG_WARN_INT_CONVERSION = YES;
				CLANG_WARN_NON_LITERAL_NULL_CONVERSION = YES;
				CLANG_WARN_OBJC_IMPLICIT_RETAIN_SELF = YES;
				CLANG_WARN_OBJC_LITERAL_CONVERSION = YES;
				CLANG_WARN_OBJC_ROOT_CLASS = YES_ERROR;
				CLANG_WARN_RANGE_LOOP_ANALYSIS = YES;
				CLANG_WARN_STRICT_PROTOTYPES = YES;
				CLANG_WARN_SUSPICIOUS_MOVE = YES;
				CLANG_WARN_UNREACHABLE_CODE = YES;
				CLANG_WARN__DUPLICATE_METHOD_MATCH = YES;
				COPY_PHASE_STRIP = NO;
				DEBUG_INFORMATION_FORMAT = dwarf;
				ENABLE_STRICT_OBJC_MSGSEND = YES;
				ENABLE_TESTABILITY = YES;
				GCC_C_LANGUAGE_STANDARD = gnu99;
				GCC_DYNAMIC_NO_PIC = NO;
				GCC_NO_COMMON_BLOCKS = YES;
				GCC_OPTIMIZATION_LEVEL = 0;
				GCC_PREPROCESSOR_DEFINITIONS = (
					"DEBUG=1",
					"$(inherited)",
				);
				GCC_WARN_64_TO_32_BIT_CONVERSION = YES;
				GCC_WARN_ABOUT_RETURN_TYPE = YES_ERROR;
				GCC_WARN_UNDECLARED_SELECTOR = YES;
				GCC_WARN_UNINITIALIZED_AUTOS = YES_AGGRESSIVE;
				GCC_WARN_UNUSED_FUNCTION = YES;
				GCC_WARN_UNUSED_VARIABLE = YES;
				MACOSX_DEPLOYMENT_TARGET = 10.10;
				MTL_ENABLE_DEBUG_INFO = YES;
				ONLY_ACTIVE_ARCH = YES;
				SDKROOT = macosx;
				SWIFT_OPTIMIZATION_LEVEL = "-Onone";
				SWIFT_VERSION = 2.3;
			};
			name = Debug;
		};
		09030B711B6D254200275BF5 /* Release */ = {
			isa = XCBuildConfiguration;
			buildSettings = {
				ALWAYS_SEARCH_USER_PATHS = NO;
				CLANG_CXX_LANGUAGE_STANDARD = "gnu++0x";
				CLANG_CXX_LIBRARY = "libc++";
				CLANG_ENABLE_MODULES = YES;
				CLANG_ENABLE_OBJC_ARC = YES;
				CLANG_WARN_BLOCK_CAPTURE_AUTORELEASING = YES;
				CLANG_WARN_BOOL_CONVERSION = YES;
				CLANG_WARN_COMMA = YES;
				CLANG_WARN_CONSTANT_CONVERSION = YES;
				CLANG_WARN_DEPRECATED_OBJC_IMPLEMENTATIONS = YES;
				CLANG_WARN_DIRECT_OBJC_ISA_USAGE = YES_ERROR;
				CLANG_WARN_EMPTY_BODY = YES;
				CLANG_WARN_ENUM_CONVERSION = YES;
				CLANG_WARN_INFINITE_RECURSION = YES;
				CLANG_WARN_INT_CONVERSION = YES;
				CLANG_WARN_NON_LITERAL_NULL_CONVERSION = YES;
				CLANG_WARN_OBJC_IMPLICIT_RETAIN_SELF = YES;
				CLANG_WARN_OBJC_LITERAL_CONVERSION = YES;
				CLANG_WARN_OBJC_ROOT_CLASS = YES_ERROR;
				CLANG_WARN_RANGE_LOOP_ANALYSIS = YES;
				CLANG_WARN_STRICT_PROTOTYPES = YES;
				CLANG_WARN_SUSPICIOUS_MOVE = YES;
				CLANG_WARN_UNREACHABLE_CODE = YES;
				CLANG_WARN__DUPLICATE_METHOD_MATCH = YES;
				COPY_PHASE_STRIP = NO;
				DEBUG_INFORMATION_FORMAT = "dwarf-with-dsym";
				ENABLE_NS_ASSERTIONS = NO;
				ENABLE_STRICT_OBJC_MSGSEND = YES;
				GCC_C_LANGUAGE_STANDARD = gnu99;
				GCC_NO_COMMON_BLOCKS = YES;
				GCC_WARN_64_TO_32_BIT_CONVERSION = YES;
				GCC_WARN_ABOUT_RETURN_TYPE = YES_ERROR;
				GCC_WARN_UNDECLARED_SELECTOR = YES;
				GCC_WARN_UNINITIALIZED_AUTOS = YES_AGGRESSIVE;
				GCC_WARN_UNUSED_FUNCTION = YES;
				GCC_WARN_UNUSED_VARIABLE = YES;
				MACOSX_DEPLOYMENT_TARGET = 10.10;
				MTL_ENABLE_DEBUG_INFO = NO;
				SDKROOT = macosx;
				SWIFT_OPTIMIZATION_LEVEL = "-Owholemodule";
				SWIFT_VERSION = 2.3;
			};
			name = Release;
		};
		09A87B561BCCA2C600D9B9F5 /* Debug */ = {
			isa = XCBuildConfiguration;
			baseConfigurationReference = 47888DD528DEC4C84FD8F15B /* Pods-Tests.debug.xcconfig */;
			buildSettings = {
				COMBINE_HIDPI_IMAGES = YES;
				INFOPLIST_FILE = Tests/StencilSwiftKitTests/Resources/Info.plist;
				LD_RUNPATH_SEARCH_PATHS = "$(inherited) @executable_path/../Frameworks @loader_path/../Frameworks";
				MACOSX_DEPLOYMENT_TARGET = 10.11;
				PRODUCT_BUNDLE_IDENTIFIER = com.alisoftware.SwiftGenKitTests;
				PRODUCT_NAME = "$(TARGET_NAME)";
				SWIFT_VERSION = 4.2;
			};
			name = Debug;
		};
		09A87B571BCCA2C600D9B9F5 /* Release */ = {
			isa = XCBuildConfiguration;
			baseConfigurationReference = 4B3D39DBCD15D8F6BB891D92 /* Pods-Tests.release.xcconfig */;
			buildSettings = {
				COMBINE_HIDPI_IMAGES = YES;
				INFOPLIST_FILE = Tests/StencilSwiftKitTests/Resources/Info.plist;
				LD_RUNPATH_SEARCH_PATHS = "$(inherited) @executable_path/../Frameworks @loader_path/../Frameworks";
				MACOSX_DEPLOYMENT_TARGET = 10.11;
				PRODUCT_BUNDLE_IDENTIFIER = com.alisoftware.SwiftGenKitTests;
				PRODUCT_NAME = "$(TARGET_NAME)";
				SWIFT_VERSION = 4.2;
			};
			name = Release;
		};
/* End XCBuildConfiguration section */

/* Begin XCConfigurationList section */
		09030B661B6D254200275BF5 /* Build configuration list for PBXProject "StencilSwiftKit" */ = {
			isa = XCConfigurationList;
			buildConfigurations = (
				09030B701B6D254200275BF5 /* Debug */,
				09030B711B6D254200275BF5 /* Release */,
			);
			defaultConfigurationIsVisible = 0;
			defaultConfigurationName = Release;
		};
		09A87B551BCCA2C600D9B9F5 /* Build configuration list for PBXNativeTarget "Tests" */ = {
			isa = XCConfigurationList;
			buildConfigurations = (
				09A87B561BCCA2C600D9B9F5 /* Debug */,
				09A87B571BCCA2C600D9B9F5 /* Release */,
			);
			defaultConfigurationIsVisible = 0;
			defaultConfigurationName = Release;
		};
/* End XCConfigurationList section */
	};
	rootObject = 09030B631B6D254200275BF5 /* Project object */;
}
